
Microsoft Visual Studio Solution File, Format Version 12.00
# Visual Studio Version 16
VisualStudioVersion = 16.0.30517.126
MinimumVisualStudioVersion = 10.0.40219.1
Project("{FAE04EC0-301F-11D3-BF4B-00C04F79EFBC}") = "LearnRepositoryPattern", "LearnRepositoryPattern.csproj", "{3419B48B-D306-42BD-AFCD-165F158CA29A}"
EndProject
Global
	GlobalSection(SolutionConfigurationPlatforms) = preSolution
		Debug|Any CPU = Debug|Any CPU
		Release|Any CPU = Release|Any CPU
	EndGlobalSection
	GlobalSection(ProjectConfigurationPlatforms) = postSolution
		{3419B48B-D306-42BD-AFCD-165F158CA29A}.Debug|Any CPU.ActiveCfg = Debug|Any CPU
		{3419B48B-D306-42BD-AFCD-165F158CA29A}.Debug|Any CPU.Build.0 = Debug|Any CPU
		{3419B48B-D306-42BD-AFCD-165F158CA29A}.Release|Any CPU.ActiveCfg = Release|Any CPU
		{3419B48B-D306-42BD-AFCD-165F158CA29A}.Release|Any CPU.Build.0 = Release|Any CPU
	EndGlobalSection
	GlobalSection(SolutionProperties) = preSolution
		HideSolutionNode = FALSE
	EndGlobalSection
	GlobalSection(ExtensibilityGlobals) = postSolution
		SolutionGuid = {44686205-E6D6-486E-A52D-9003E27AF911}
	EndGlobalSection
EndGlobal
